
Microsoft Visual Studio Solution File, Format Version 12.00
# Visual Studio Version 16
VisualStudioVersion = 16.0.31515.178
MinimumVisualStudioVersion = 10.0.40219.1
Project("{151D2E53-A2C4-4D7D-83FE-D05416EBD58E}") = "AzureResourceGroup", "AzureInfra\AzureResourceGroup\AzureResourceGroup.deployproj", "{5CA4D61E-9FC7-4752-92E4-247788C36A25}"
EndProject
Global
	GlobalSection(SolutionConfigurationPlatforms) = preSolution
		Debug|Any CPU = Debug|Any CPU
		Release|Any CPU = Release|Any CPU
	EndGlobalSection
	GlobalSection(ProjectConfigurationPlatforms) = postSolution
		{5CA4D61E-9FC7-4752-92E4-247788C36A25}.Debug|Any CPU.ActiveCfg = Debug|Any CPU
		{5CA4D61E-9FC7-4752-92E4-247788C36A25}.Debug|Any CPU.Build.0 = Debug|Any CPU
		{5CA4D61E-9FC7-4752-92E4-247788C36A25}.Release|Any CPU.ActiveCfg = Release|Any CPU
		{5CA4D61E-9FC7-4752-92E4-247788C36A25}.Release|Any CPU.Build.0 = Release|Any CPU
	EndGlobalSection
	GlobalSection(SolutionProperties) = preSolution
		HideSolutionNode = FALSE
	EndGlobalSection
	GlobalSection(ExtensibilityGlobals) = postSolution
		SolutionGuid = {AC9C9757-3E50-4145-B744-1E227A7448C5}
	EndGlobalSection
EndGlobal
